// !$*UTF8*$!
{
	archiveVersion = 1;
	classes = {
	};
	objectVersion = 50;
	objects = {

/* Begin PBXBuildFile section */
		2175258B7B3A36F643BEB94F /* Pods_Todozzz.framework in Frameworks */ = {isa = PBXBuildFile; fileRef = A2630A5C85A44EB9C999F988 /* Pods_Todozzz.framework */; };
		F98218652311C99400D7530D /* AppDelegate.swift in Sources */ = {isa = PBXBuildFile; fileRef = F98218642311C99400D7530D /* AppDelegate.swift */; };
		F98218672311C99400D7530D /* TodoListViewController.swift in Sources */ = {isa = PBXBuildFile; fileRef = F98218662311C99400D7530D /* TodoListViewController.swift */; };
		F982186A2311C99400D7530D /* Main.storyboard in Resources */ = {isa = PBXBuildFile; fileRef = F98218682311C99400D7530D /* Main.storyboard */; };
		F982186C2311C99500D7530D /* Assets.xcassets in Resources */ = {isa = PBXBuildFile; fileRef = F982186B2311C99500D7530D /* Assets.xcassets */; };
		F982186F2311C99500D7530D /* LaunchScreen.storyboard in Resources */ = {isa = PBXBuildFile; fileRef = F982186D2311C99500D7530D /* LaunchScreen.storyboard */; };
		F995C10B2315588400985FAF /* CategoryViewController.swift in Sources */ = {isa = PBXBuildFile; fileRef = F995C10A2315588400985FAF /* CategoryViewController.swift */; };
		F9A2DF4323145CDA005F596A /* DataModel.xcdatamodeld in Sources */ = {isa = PBXBuildFile; fileRef = F9A2DF4123145CDA005F596A /* DataModel.xcdatamodeld */; };
/* End PBXBuildFile section */

/* Begin PBXFileReference section */
		28B26997C13015534C46BEB2 /* Pods-Todozzz.release.xcconfig */ = {isa = PBXFileReference; includeInIndex = 1; lastKnownFileType = text.xcconfig; name = "Pods-Todozzz.release.xcconfig"; path = "Target Support Files/Pods-Todozzz/Pods-Todozzz.release.xcconfig"; sourceTree = "<group>"; };
		5934523C57C5200092F4F101 /* Pods-Todozzz.debug.xcconfig */ = {isa = PBXFileReference; includeInIndex = 1; lastKnownFileType = text.xcconfig; name = "Pods-Todozzz.debug.xcconfig"; path = "Target Support Files/Pods-Todozzz/Pods-Todozzz.debug.xcconfig"; sourceTree = "<group>"; };
		A2630A5C85A44EB9C999F988 /* Pods_Todozzz.framework */ = {isa = PBXFileReference; explicitFileType = wrapper.framework; includeInIndex = 0; path = Pods_Todozzz.framework; sourceTree = BUILT_PRODUCTS_DIR; };
		F98218612311C99400D7530D /* Todozzz.app */ = {isa = PBXFileReference; explicitFileType = wrapper.application; includeInIndex = 0; path = Todozzz.app; sourceTree = BUILT_PRODUCTS_DIR; };
		F98218642311C99400D7530D /* AppDelegate.swift */ = {isa = PBXFileReference; lastKnownFileType = sourcecode.swift; path = AppDelegate.swift; sourceTree = "<group>"; };
		F98218662311C99400D7530D /* TodoListViewController.swift */ = {isa = PBXFileReference; lastKnownFileType = sourcecode.swift; path = TodoListViewController.swift; sourceTree = "<group>"; };
		F98218692311C99400D7530D /* Base */ = {isa = PBXFileReference; lastKnownFileType = file.storyboard; name = Base; path = Base.lproj/Main.storyboard; sourceTree = "<group>"; };
		F982186B2311C99500D7530D /* Assets.xcassets */ = {isa = PBXFileReference; lastKnownFileType = folder.assetcatalog; path = Assets.xcassets; sourceTree = "<group>"; };
		F982186E2311C99500D7530D /* Base */ = {isa = PBXFileReference; lastKnownFileType = file.storyboard; name = Base; path = Base.lproj/LaunchScreen.storyboard; sourceTree = "<group>"; };
		F98218702311C99500D7530D /* Info.plist */ = {isa = PBXFileReference; lastKnownFileType = text.plist.xml; path = Info.plist; sourceTree = "<group>"; };
		F995C10A2315588400985FAF /* CategoryViewController.swift */ = {isa = PBXFileReference; lastKnownFileType = sourcecode.swift; path = CategoryViewController.swift; sourceTree = "<group>"; };
		F9A2DF4223145CDA005F596A /* DataModel.xcdatamodel */ = {isa = PBXFileReference; lastKnownFileType = wrapper.xcdatamodel; path = DataModel.xcdatamodel; sourceTree = "<group>"; };
/* End PBXFileReference section */

/* Begin PBXFrameworksBuildPhase section */
		F982185E2311C99400D7530D /* Frameworks */ = {
			isa = PBXFrameworksBuildPhase;
			buildActionMask = 2147483647;
			files = (
				2175258B7B3A36F643BEB94F /* Pods_Todozzz.framework in Frameworks */,
			);
			runOnlyForDeploymentPostprocessing = 0;
		};
/* End PBXFrameworksBuildPhase section */

/* Begin PBXGroup section */
		0592D587EE582284E5C8FFDA /* Frameworks */ = {
			isa = PBXGroup;
			children = (
				A2630A5C85A44EB9C999F988 /* Pods_Todozzz.framework */,
			);
			name = Frameworks;
			sourceTree = "<group>";
		};
		CC7E2E4AF4A4A052641759D8 /* Pods */ = {
			isa = PBXGroup;
			children = (
				5934523C57C5200092F4F101 /* Pods-Todozzz.debug.xcconfig */,
				28B26997C13015534C46BEB2 /* Pods-Todozzz.release.xcconfig */,
			);
			name = Pods;
			path = Pods;
			sourceTree = "<group>";
		};
		F98218582311C99400D7530D = {
			isa = PBXGroup;
			children = (
				F98218632311C99400D7530D /* Todozzz */,
				F98218622311C99400D7530D /* Products */,
				CC7E2E4AF4A4A052641759D8 /* Pods */,
				0592D587EE582284E5C8FFDA /* Frameworks */,
			);
			sourceTree = "<group>";
		};
		F98218622311C99400D7530D /* Products */ = {
			isa = PBXGroup;
			children = (
				F98218612311C99400D7530D /* Todozzz.app */,
			);
			name = Products;
			sourceTree = "<group>";
		};
		F98218632311C99400D7530D /* Todozzz */ = {
			isa = PBXGroup;
			children = (
				F98218702311C99500D7530D /* Info.plist */,
				F9A2DF402313F33C005F596A /* View */,
				F9A2DF3F2313F317005F596A /* Supporting Files */,
				F9A2DF3E2313F296005F596A /* DataModel */,
				F9A2DF3D2313F27F005F596A /* Controllers */,
				F98218642311C99400D7530D /* AppDelegate.swift */,
			);
			path = Todozzz;
			sourceTree = "<group>";
		};
		F9A2DF3D2313F27F005F596A /* Controllers */ = {
			isa = PBXGroup;
			children = (
				F995C10A2315588400985FAF /* CategoryViewController.swift */,
				F98218662311C99400D7530D /* TodoListViewController.swift */,
			);
			path = Controllers;
			sourceTree = "<group>";
		};
		F9A2DF3E2313F296005F596A /* DataModel */ = {
			isa = PBXGroup;
			children = (
				F9A2DF4123145CDA005F596A /* DataModel.xcdatamodeld */,
			);
			path = DataModel;
			sourceTree = "<group>";
		};
		F9A2DF3F2313F317005F596A /* Supporting Files */ = {
			isa = PBXGroup;
			children = (
				F982186B2311C99500D7530D /* Assets.xcassets */,
			);
			path = "Supporting Files";
			sourceTree = "<group>";
		};
		F9A2DF402313F33C005F596A /* View */ = {
			isa = PBXGroup;
			children = (
				F98218682311C99400D7530D /* Main.storyboard */,
				F982186D2311C99500D7530D /* LaunchScreen.storyboard */,
			);
			path = View;
			sourceTree = "<group>";
		};
/* End PBXGroup section */

/* Begin PBXNativeTarget section */
		F98218602311C99400D7530D /* Todozzz */ = {
			isa = PBXNativeTarget;
			buildConfigurationList = F98218732311C99500D7530D /* Build configuration list for PBXNativeTarget "Todozzz" */;
			buildPhases = (
				803EFF9C011B4386E7B58343 /* [CP] Check Pods Manifest.lock */,
				F982185D2311C99400D7530D /* Sources */,
				F982185E2311C99400D7530D /* Frameworks */,
				F982185F2311C99400D7530D /* Resources */,
				AB4929A1B29B36F6C1E1B8D6 /* [CP] Embed Pods Frameworks */,
			);
			buildRules = (
			);
			dependencies = (
			);
			name = Todozzz;
			productName = Todozzz;
			productReference = F98218612311C99400D7530D /* Todozzz.app */;
			productType = "com.apple.product-type.application";
		};
/* End PBXNativeTarget section */

/* Begin PBXProject section */
		F98218592311C99400D7530D /* Project object */ = {
			isa = PBXProject;
			attributes = {
				LastSwiftUpdateCheck = 1030;
				LastUpgradeCheck = 1030;
				ORGANIZATIONNAME = "Jean-Baptiste Chaubet";
				TargetAttributes = {
					F98218602311C99400D7530D = {
						CreatedOnToolsVersion = 10.3;
					};
				};
			};
			buildConfigurationList = F982185C2311C99400D7530D /* Build configuration list for PBXProject "Todozzz" */;
			compatibilityVersion = "Xcode 9.3";
			developmentRegion = en;
			hasScannedForEncodings = 0;
			knownRegions = (
				en,
				Base,
			);
			mainGroup = F98218582311C99400D7530D;
			productRefGroup = F98218622311C99400D7530D /* Products */;
			projectDirPath = "";
			projectRoot = "";
			targets = (
				F98218602311C99400D7530D /* Todozzz */,
			);
		};
/* End PBXProject section */

/* Begin PBXResourcesBuildPhase section */
		F982185F2311C99400D7530D /* Resources */ = {
			isa = PBXResourcesBuildPhase;
			buildActionMask = 2147483647;
			files = (
				F982186F2311C99500D7530D /* LaunchScreen.storyboard in Resources */,
				F982186C2311C99500D7530D /* Assets.xcassets in Resources */,
				F982186A2311C99400D7530D /* Main.storyboard in Resources */,
			);
			runOnlyForDeploymentPostprocessing = 0;
		};
/* End PBXResourcesBuildPhase section */

/* Begin PBXShellScriptBuildPhase section */
		803EFF9C011B4386E7B58343 /* [CP] Check Pods Manifest.lock */ = {
			isa = PBXShellScriptBuildPhase;
			buildActionMask = 2147483647;
			files = (
			);
			inputFileListPaths = (
			);
			inputPaths = (
				"${PODS_PODFILE_DIR_PATH}/Podfile.lock",
				"${PODS_ROOT}/Manifest.lock",
			);
			name = "[CP] Check Pods Manifest.lock";
			outputFileListPaths = (
			);
			outputPaths = (
				"$(DERIVED_FILE_DIR)/Pods-Todozzz-checkManifestLockResult.txt",
			);
			runOnlyForDeploymentPostprocessing = 0;
			shellPath = /bin/sh;
			shellScript = "diff \"${PODS_PODFILE_DIR_PATH}/Podfile.lock\" \"${PODS_ROOT}/Manifest.lock\" > /dev/null\nif [ $? != 0 ] ; then\n    # print error to STDERR\n    echo \"error: The sandbox is not in sync with the Podfile.lock. Run 'pod install' or update your CocoaPods installation.\" >&2\n    exit 1\nfi\n# This output is used by Xcode 'outputs' to avoid re-running this script phase.\necho \"SUCCESS\" > \"${SCRIPT_OUTPUT_FILE_0}\"\n";
			showEnvVarsInLog = 0;
		};
		AB4929A1B29B36F6C1E1B8D6 /* [CP] Embed Pods Frameworks */ = {
			isa = PBXShellScriptBuildPhase;
			buildActionMask = 2147483647;
			files = (
			);
			inputFileListPaths = (
				"${PODS_ROOT}/Target Support Files/Pods-Todozzz/Pods-Todozzz-frameworks-${CONFIGURATION}-input-files.xcfilelist",
			);
			name = "[CP] Embed Pods Frameworks";
			outputFileListPaths = (
				"${PODS_ROOT}/Target Support Files/Pods-Todozzz/Pods-Todozzz-frameworks-${CONFIGURATION}-output-files.xcfilelist",
			);
			runOnlyForDeploymentPostprocessing = 0;
			shellPath = /bin/sh;
			shellScript = "\"${PODS_ROOT}/Target Support Files/Pods-Todozzz/Pods-Todozzz-frameworks.sh\"\n";
			showEnvVarsInLog = 0;
		};
/* End PBXShellScriptBuildPhase section */

/* Begin PBXSourcesBuildPhase section */
		F982185D2311C99400D7530D /* Sources */ = {
			isa = PBXSourcesBuildPhase;
			buildActionMask = 2147483647;
			files = (
				F995C10B2315588400985FAF /* CategoryViewController.swift in Sources */,
				F98218672311C99400D7530D /* TodoListViewController.swift in Sources */,
				F9A2DF4323145CDA005F596A /* DataModel.xcdatamodeld in Sources */,
				F98218652311C99400D7530D /* AppDelegate.swift in Sources */,
			);
			runOnlyForDeploymentPostprocessing = 0;
		};
/* End PBXSourcesBuildPhase section */

/* Begin PBXVariantGroup section */
		F98218682311C99400D7530D /* Main.storyboard */ = {
			isa = PBXVariantGroup;
			children = (
				F98218692311C99400D7530D /* Base */,
			);
			name = Main.storyboard;
			sourceTree = "<group>";
		};
		F982186D2311C99500D7530D /* LaunchScreen.storyboard */ = {
			isa = PBXVariantGroup;
			children = (
				F982186E2311C99500D7530D /* Base */,
			);
			name = LaunchScreen.storyboard;
			sourceTree = "<group>";
		};
/* End PBXVariantGroup section */

/* Begin XCBuildConfiguration section */
		F98218712311C99500D7530D /* Debug */ = {
			isa = XCBuildConfiguration;
			buildSettings = {
				ALWAYS_SEARCH_USER_PATHS = NO;
				CLANG_ANALYZER_NONNULL = YES;
				CLANG_ANALYZER_NUMBER_OBJECT_CONVERSION = YES_AGGRESSIVE;
				CLANG_CXX_LANGUAGE_STANDARD = "gnu++14";
				CLANG_CXX_LIBRARY = "libc++";
				CLANG_ENABLE_MODULES = YES;
				CLANG_ENABLE_OBJC_ARC = YES;
				CLANG_ENABLE_OBJC_WEAK = YES;
				CLANG_WARN_BLOCK_CAPTURE_AUTORELEASING = YES;
				CLANG_WARN_BOOL_CONVERSION = YES;
				CLANG_WARN_COMMA = YES;
				CLANG_WARN_CONSTANT_CONVERSION = YES;
				CLANG_WARN_DEPRECATED_OBJC_IMPLEMENTATIONS = YES;
				CLANG_WARN_DIRECT_OBJC_ISA_USAGE = YES_ERROR;
				CLANG_WARN_DOCUMENTATION_COMMENTS = YES;
				CLANG_WARN_EMPTY_BODY = YES;
				CLANG_WARN_ENUM_CONVERSION = YES;
				CLANG_WARN_INFINITE_RECURSION = YES;
				CLANG_WARN_INT_CONVERSION = YES;
				CLANG_WARN_NON_LITERAL_NULL_CONVERSION = YES;
				CLANG_WARN_OBJC_IMPLICIT_RETAIN_SELF = YES;
				CLANG_WARN_OBJC_LITERAL_CONVERSION = YES;
				CLANG_WARN_OBJC_ROOT_CLASS = YES_ERROR;
				CLANG_WARN_RANGE_LOOP_ANALYSIS = YES;
				CLANG_WARN_STRICT_PROTOTYPES = YES;
				CLANG_WARN_SUSPICIOUS_MOVE = YES;
				CLANG_WARN_UNGUARDED_AVAILABILITY = YES_AGGRESSIVE;
				CLANG_WARN_UNREACHABLE_CODE = YES;
				CLANG_WARN__DUPLICATE_METHOD_MATCH = YES;
				CODE_SIGN_IDENTITY = "iPhone Developer";
				COPY_PHASE_STRIP = NO;
				DEBUG_INFORMATION_FORMAT = dwarf;
				ENABLE_STRICT_OBJC_MSGSEND = YES;
				ENABLE_TESTABILITY = YES;
				GCC_C_LANGUAGE_STANDARD = gnu11;
				GCC_DYNAMIC_NO_PIC = NO;
				GCC_NO_COMMON_BLOCKS = YES;
				GCC_OPTIMIZATION_LEVEL = 0;
				GCC_PREPROCESSOR_DEFINITIONS = (
					"DEBUG=1",
					"$(inherited)",
				);
				GCC_WARN_64_TO_32_BIT_CONVERSION = YES;
				GCC_WARN_ABOUT_RETURN_TYPE = YES_ERROR;
				GCC_WARN_UNDECLARED_SELECTOR = YES;
				GCC_WARN_UNINITIALIZED_AUTOS = YES_AGGRESSIVE;
				GCC_WARN_UNUSED_FUNCTION = YES;
				GCC_WARN_UNUSED_VARIABLE = YES;
				IPHONEOS_DEPLOYMENT_TARGET = 12.4;
				MTL_ENABLE_DEBUG_INFO = INCLUDE_SOURCE;
				MTL_FAST_MATH = YES;
				ONLY_ACTIVE_ARCH = YES;
				SDKROOT = iphoneos;
				SWIFT_ACTIVE_COMPILATION_CONDITIONS = DEBUG;
				SWIFT_OPTIMIZATION_LEVEL = "-Onone";
			};
			name = Debug;
		};
		F98218722311C99500D7530D /* Release */ = {
			isa = XCBuildConfiguration;
			buildSettings = {
				ALWAYS_SEARCH_USER_PATHS = NO;
				CLANG_ANALYZER_NONNULL = YES;
				CLANG_ANALYZER_NUMBER_OBJECT_CONVERSION = YES_AGGRESSIVE;
				CLANG_CXX_LANGUAGE_STANDARD = "gnu++14";
				CLANG_CXX_LIBRARY = "libc++";
				CLANG_ENABLE_MODULES = YES;
				CLANG_ENABLE_OBJC_ARC = YES;
				CLANG_ENABLE_OBJC_WEAK = YES;
				CLANG_WARN_BLOCK_CAPTURE_AUTORELEASING = YES;
				CLANG_WARN_BOOL_CONVERSION = YES;
				CLANG_WARN_COMMA = YES;
				CLANG_WARN_CONSTANT_CONVERSION = YES;
				CLANG_WARN_DEPRECATED_OBJC_IMPLEMENTATIONS = YES;
				CLANG_WARN_DIRECT_OBJC_ISA_USAGE = YES_ERROR;
				CLANG_WARN_DOCUMENTATION_COMMENTS = YES;
				CLANG_WARN_EMPTY_BODY = YES;
				CLANG_WARN_ENUM_CONVERSION = YES;
				CLANG_WARN_INFINITE_RECURSION = YES;
				CLANG_WARN_INT_CONVERSION = YES;
				CLANG_WARN_NON_LITERAL_NULL_CONVERSION = YES;
				CLANG_WARN_OBJC_IMPLICIT_RETAIN_SELF = YES;
				CLANG_WARN_OBJC_LITERAL_CONVERSION = YES;
				CLANG_WARN_OBJC_ROOT_CLASS = YES_ERROR;
				CLANG_WARN_RANGE_LOOP_ANALYSIS = YES;
				CLANG_WARN_STRICT_PROTOTYPES = YES;
				CLANG_WARN_SUSPICIOUS_MOVE = YES;
				CLANG_WARN_UNGUARDED_AVAILABILITY = YES_AGGRESSIVE;
				CLANG_WARN_UNREACHABLE_CODE = YES;
				CLANG_WARN__DUPLICATE_METHOD_MATCH = YES;
				CODE_SIGN_IDENTITY = "iPhone Developer";
				COPY_PHASE_STRIP = NO;
				DEBUG_INFORMATION_FORMAT = "dwarf-with-dsym";
				ENABLE_NS_ASSERTIONS = NO;
				ENABLE_STRICT_OBJC_MSGSEND = YES;
				GCC_C_LANGUAGE_STANDARD = gnu11;
				GCC_NO_COMMON_BLOCKS = YES;
				GCC_WARN_64_TO_32_BIT_CONVERSION = YES;
				GCC_WARN_ABOUT_RETURN_TYPE = YES_ERROR;
				GCC_WARN_UNDECLARED_SELECTOR = YES;
				GCC_WARN_UNINITIALIZED_AUTOS = YES_AGGRESSIVE;
				GCC_WARN_UNUSED_FUNCTION = YES;
				GCC_WARN_UNUSED_VARIABLE = YES;
				IPHONEOS_DEPLOYMENT_TARGET = 12.4;
				MTL_ENABLE_DEBUG_INFO = NO;
				MTL_FAST_MATH = YES;
				SDKROOT = iphoneos;
				SWIFT_COMPILATION_MODE = wholemodule;
				SWIFT_OPTIMIZATION_LEVEL = "-O";
				VALIDATE_PRODUCT = YES;
			};
			name = Release;
		};
		F98218742311C99500D7530D /* Debug */ = {
			isa = XCBuildConfiguration;
			baseConfigurationReference = 5934523C57C5200092F4F101 /* Pods-Todozzz.debug.xcconfig */;
			buildSettings = {
				ASSETCATALOG_COMPILER_APPICON_NAME = AppIcon;
				CODE_SIGN_STYLE = Automatic;
				DEVELOPMENT_TEAM = LTNRUAL2QV;
				INFOPLIST_FILE = Todozzz/Info.plist;
				LD_RUNPATH_SEARCH_PATHS = (
					"$(inherited)",
					"@executable_path/Frameworks",
				);
				PRODUCT_BUNDLE_IDENTIFIER = com.toto.xyz.unique.todo.Todozzz;
				PRODUCT_NAME = "$(TARGET_NAME)";
				SWIFT_VERSION = 5.0;
				TARGETED_DEVICE_FAMILY = "1,2";
			};
			name = Debug;
		};
		F98218752311C99500D7530D /* Release */ = {
			isa = XCBuildConfiguration;
			baseConfigurationReference = 28B26997C13015534C46BEB2 /* Pods-Todozzz.release.xcconfig */;
			buildSettings = {
				ASSETCATALOG_COMPILER_APPICON_NAME = AppIcon;
				CODE_SIGN_STYLE = Automatic;
				DEVELOPMENT_TEAM = LTNRUAL2QV;
				INFOPLIST_FILE = Todozzz/Info.plist;
				LD_RUNPATH_SEARCH_PATHS = (
					"$(inherited)",
					"@executable_path/Frameworks",
				);
				PRODUCT_BUNDLE_IDENTIFIER = com.toto.xyz.unique.todo.Todozzz;
				PRODUCT_NAME = "$(TARGET_NAME)";
				SWIFT_VERSION = 5.0;
				TARGETED_DEVICE_FAMILY = "1,2";
			};
			name = Release;
		};
/* End XCBuildConfiguration section */

/* Begin XCConfigurationList section */
		F982185C2311C99400D7530D /* Build configuration list for PBXProject "Todozzz" */ = {
			isa = XCConfigurationList;
			buildConfigurations = (
				F98218712311C99500D7530D /* Debug */,
				F98218722311C99500D7530D /* Release */,
			);
			defaultConfigurationIsVisible = 0;
			defaultConfigurationName = Release;
		};
		F98218732311C99500D7530D /* Build configuration list for PBXNativeTarget "Todozzz" */ = {
			isa = XCConfigurationList;
			buildConfigurations = (
				F98218742311C99500D7530D /* Debug */,
				F98218752311C99500D7530D /* Release */,
			);
			defaultConfigurationIsVisible = 0;
			defaultConfigurationName = Release;
		};
/* End XCConfigurationList section */

/* Begin XCVersionGroup section */
		F9A2DF4123145CDA005F596A /* DataModel.xcdatamodeld */ = {
			isa = XCVersionGroup;
			children = (
				F9A2DF4223145CDA005F596A /* DataModel.xcdatamodel */,
			);
			currentVersion = F9A2DF4223145CDA005F596A /* DataModel.xcdatamodel */;
			path = DataModel.xcdatamodeld;
			sourceTree = "<group>";
			versionGroupType = wrapper.xcdatamodel;
		};
/* End XCVersionGroup section */
	};
	rootObject = F98218592311C99400D7530D /* Project object */;
}
